<Project xmlns="http://schemas.microsoft.com/developer/msbuild/2003">
    <PropertyGroup>
        <ProjectGuid>{DB560D0F-2A8A-4E91-910C-AF95094BE8BE}</ProjectGuid>
        <ProjectVersion>18.1</ProjectVersion>
        <FrameworkType>VCL</FrameworkType>
        <MainSource>Sistema_Gerencial.dpr</MainSource>
        <Base>True</Base>
        <Config Condition="'$(Config)'==''">Debug</Config>
        <Platform Condition="'$(Platform)'==''">Win32</Platform>
        <TargetedPlatforms>1</TargetedPlatforms>
        <AppType>Application</AppType>
    </PropertyGroup>
    <PropertyGroup Condition="'$(Config)'=='Base' or '$(Base)'!=''">
        <Base>true</Base>
    </PropertyGroup>
    <PropertyGroup Condition="('$(Platform)'=='Win32' and '$(Base)'=='true') or '$(Base_Win32)'!=''">
        <Base_Win32>true</Base_Win32>
        <CfgParent>Base</CfgParent>
        <Base>true</Base>
    </PropertyGroup>
    <PropertyGroup Condition="('$(Platform)'=='Win64' and '$(Base)'=='true') or '$(Base_Win64)'!=''">
        <Base_Win64>true</Base_Win64>
        <CfgParent>Base</CfgParent>
        <Base>true</Base>
    </PropertyGroup>
    <PropertyGroup Condition="'$(Config)'=='Debug' or '$(Cfg_1)'!=''">
        <Cfg_1>true</Cfg_1>
        <CfgParent>Base</CfgParent>
        <Base>true</Base>
    </PropertyGroup>
    <PropertyGroup Condition="('$(Platform)'=='Win32' and '$(Cfg_1)'=='true') or '$(Cfg_1_Win32)'!=''">
        <Cfg_1_Win32>true</Cfg_1_Win32>
        <CfgParent>Cfg_1</CfgParent>
        <Cfg_1>true</Cfg_1>
        <Base>true</Base>
    </PropertyGroup>
    <PropertyGroup Condition="'$(Config)'=='Release' or '$(Cfg_2)'!=''">
        <Cfg_2>true</Cfg_2>
        <CfgParent>Base</CfgParent>
        <Base>true</Base>
    </PropertyGroup>
    <PropertyGroup Condition="('$(Platform)'=='Win32' and '$(Cfg_2)'=='true') or '$(Cfg_2_Win32)'!=''">
        <Cfg_2_Win32>true</Cfg_2_Win32>
        <CfgParent>Cfg_2</CfgParent>
        <Cfg_2>true</Cfg_2>
        <Base>true</Base>
    </PropertyGroup>
    <PropertyGroup Condition="'$(Base)'!=''">
        <SanitizedProjectName>Sistema_Gerencial</SanitizedProjectName>
        <Icon_MainIcon>$(BDS)\bin\delphi_PROJECTICON.ico</Icon_MainIcon>
        <DCC_Namespace>System;Xml;Data;Datasnap;Web;Soap;Vcl;Vcl.Imaging;Vcl.Touch;Vcl.Samples;Vcl.Shell;$(DCC_Namespace)</DCC_Namespace>
        <DCC_DcuOutput>.\$(Platform)\$(Config)</DCC_DcuOutput>
        <DCC_ExeOutput>.\$(Platform)\$(Config)</DCC_ExeOutput>
        <DCC_E>false</DCC_E>
        <DCC_N>false</DCC_N>
        <DCC_S>false</DCC_S>
        <DCC_F>false</DCC_F>
        <DCC_K>false</DCC_K>
    </PropertyGroup>
    <PropertyGroup Condition="'$(Base_Win32)'!=''">
        <DCC_UsePackage>DBXSqliteDriver;RESTComponents;DataSnapServerMidas;DBXDb2Driver;DBXInterBaseDriver;ZComponent;vclactnband;ZCore;vclFireDAC;emsclientfiredac;DataSnapFireDAC;tethering;svnui;FireDACADSDriver;DBXMSSQLDriver;DatasnapConnectorsFreePascal;FireDACMSSQLDriver;vcltouch;vcldb;bindcompfmx;Intraweb;svn;DBXOracleDriver;inetdb;FmxTeeUI;FireDACIBDriver;fmx;fmxdae;vclib;office2K;FireDACDBXDriver;dbexpress;IndyCore;vclx;ZParseSql;dsnap;DataSnapCommon;emsclient;FireDACCommon;RESTBackendComponents;DataSnapConnectors;VCLRESTComponents;soapserver;vclie;bindengine;DBXMySQLDriver;CloudService;FireDACOracleDriver;FireDACMySQLDriver;DBXFirebirdDriver;FireDACCommonDriver;DataSnapClient;inet;bindcompdbx;IndyIPCommon;vcl;DBXSybaseASEDriver;IndyIPServer;IndySystem;FireDACDb2Driver;RtmRxCtl230;dsnapcon;madExcept_;FireDACMSAccDriver;FireDACInfxDriver;fmxFireDAC;vclimg;ZDbc;TeeDB;FireDAC;madBasic_;FireDACSqliteDriver;FireDACPgDriver;ibmonitor;FireDACASADriver;DBXOdbcDriver;FireDACTDataDriver;FMXTee;soaprtl;DbxCommonDriver;RtmRxDB230;ibxpress;Tee;DataSnapServer;xmlrtl;DataSnapNativeClient;ibxbindings;fmxobj;FireDACDSDriver;soapmidas;rtl;vclwinx;DbxClientDriver;madDisAsm_;DBXSybaseASADriver;CustomIPTransport;vcldsnap;bindcomp;appanalytics;ZPlain;DBXInformixDriver;IndyIPClient;frce;bindcompvcl;TeeUI;vclribbon;dbxcds;VclSmp;adortl;FireDACODBCDriver;DataSnapIndy10ServerTransport;DataSnapProviderClient;dsnapxml;dbrtl;FireDACMongoDBDriver;IndyProtocols;inetdbxpress;fmxase;$(DCC_UsePackage)</DCC_UsePackage>
        <VerInfo_Locale>1033</VerInfo_Locale>
        <VerInfo_IncludeVerInfo>true</VerInfo_IncludeVerInfo>
        <VerInfo_Keys>CompanyName=;FileDescription=;FileVersion=1.0.0.0;InternalName=;LegalCopyright=;LegalTrademarks=;OriginalFilename=;ProductName=;ProductVersion=1.0.0.0;Comments=</VerInfo_Keys>
        <Manifest_File>$(BDS)\bin\default_app.manifest</Manifest_File>
        <DCC_Namespace>Winapi;System.Win;Data.Win;Datasnap.Win;Web.Win;Soap.Win;Xml.Win;Bde;$(DCC_Namespace)</DCC_Namespace>
    </PropertyGroup>
    <PropertyGroup Condition="'$(Base_Win64)'!=''">
        <DCC_UsePackage>DBXSqliteDriver;RESTComponents;DataSnapServerMidas;DBXDb2Driver;DBXInterBaseDriver;vclactnband;vclFireDAC;emsclientfiredac;DataSnapFireDAC;tethering;FireDACADSDriver;DBXMSSQLDriver;DatasnapConnectorsFreePascal;FireDACMSSQLDriver;vcltouch;vcldb;bindcompfmx;Intraweb;DBXOracleDriver;inetdb;FmxTeeUI;FireDACIBDriver;fmx;fmxdae;vclib;office2K;FireDACDBXDriver;dbexpress;IndyCore;vclx;dsnap;DataSnapCommon;emsclient;FireDACCommon;RESTBackendComponents;DataSnapConnectors;VCLRESTComponents;soapserver;vclie;bindengine;DBXMySQLDriver;CloudService;FireDACOracleDriver;FireDACMySQLDriver;DBXFirebirdDriver;FireDACCommonDriver;DataSnapClient;inet;bindcompdbx;IndyIPCommon;vcl;DBXSybaseASEDriver;IndyIPServer;IndySystem;FireDACDb2Driver;dsnapcon;FireDACMSAccDriver;FireDACInfxDriver;fmxFireDAC;vclimg;TeeDB;FireDAC;FireDACSqliteDriver;FireDACPgDriver;ibmonitor;FireDACASADriver;DBXOdbcDriver;FireDACTDataDriver;FMXTee;soaprtl;DbxCommonDriver;ibxpress;Tee;DataSnapServer;xmlrtl;DataSnapNativeClient;ibxbindings;fmxobj;FireDACDSDriver;soapmidas;rtl;vclwinx;DbxClientDriver;DBXSybaseASADriver;CustomIPTransport;vcldsnap;bindcomp;appanalytics;DBXInformixDriver;IndyIPClient;bindcompvcl;TeeUI;vclribbon;dbxcds;VclSmp;adortl;FireDACODBCDriver;DataSnapIndy10ServerTransport;DataSnapProviderClient;dsnapxml;dbrtl;FireDACMongoDBDriver;IndyProtocols;inetdbxpress;fmxase;$(DCC_UsePackage)</DCC_UsePackage>
    </PropertyGroup>
    <PropertyGroup Condition="'$(Cfg_1)'!=''">
        <DCC_Define>DEBUG;$(DCC_Define)</DCC_Define>
        <DCC_DebugDCUs>true</DCC_DebugDCUs>
        <DCC_Optimize>false</DCC_Optimize>
        <DCC_GenerateStackFrames>true</DCC_GenerateStackFrames>
        <DCC_DebugInfoInExe>true</DCC_DebugInfoInExe>
        <DCC_RemoteDebug>true</DCC_RemoteDebug>
    </PropertyGroup>
    <PropertyGroup Condition="'$(Cfg_1_Win32)'!=''">
        <DCC_ExeOutput>C:\FONTES</DCC_ExeOutput>
        <Icon_MainIcon>Software_2jti_Icon3.ico</Icon_MainIcon>
        <DCC_MapFile>3</DCC_MapFile>
        <VerInfo_IncludeVerInfo>true</VerInfo_IncludeVerInfo>
        <VerInfo_Locale>1033</VerInfo_Locale>
        <AppEnableHighDPI>true</AppEnableHighDPI>
        <AppEnableRuntimeThemes>true</AppEnableRuntimeThemes>
        <DCC_RemoteDebug>false</DCC_RemoteDebug>
    </PropertyGroup>
    <PropertyGroup Condition="'$(Cfg_2)'!=''">
        <DCC_LocalDebugSymbols>false</DCC_LocalDebugSymbols>
        <DCC_Define>RELEASE;$(DCC_Define)</DCC_Define>
        <DCC_SymbolReferenceInfo>0</DCC_SymbolReferenceInfo>
        <DCC_DebugInformation>0</DCC_DebugInformation>
    </PropertyGroup>
    <PropertyGroup Condition="'$(Cfg_2_Win32)'!=''">
        <AppEnableRuntimeThemes>true</AppEnableRuntimeThemes>
        <AppEnableHighDPI>true</AppEnableHighDPI>
    </PropertyGroup>
    <ItemGroup>
        <DelphiCompile Include="$(MainSource)">
            <MainSource>MainSource</MainSource>
        </DelphiCompile>
        <DCCReference Include="Login\uLogin.pas">
            <Form>frmLogin</Form>
            <FormType>dfm</FormType>
        </DCCReference>
        <DCCReference Include="Classes\uCadastros.pas"/>
        <DCCReference Include="Enum\uEnun.pas"/>
        <DCCReference Include="Cadastros\uFornecedor.pas">
            <Form>frmCadFornecedor</Form>
            <FormType>dfm</FormType>
        </DCCReference>
        <DCCReference Include="DataModulo\uDtmPrincipal.pas">
            <Form>DtmPrincipal</Form>
            <FormType>dfm</FormType>
            <DesignClass>TDataModule</DesignClass>
        </DCCReference>
        <DCCReference Include="Classes\uFuncaoLogin.pas"/>
        <DCCReference Include="Classes\uUsuarioLogado.pas"/>
        <DCCReference Include="Principal\uMan.pas">
            <Form>FrmMan</Form>
            <FormType>dfm</FormType>
        </DCCReference>
        <DCCReference Include="Heranca\UFrmPadrao.pas">
            <Form>frmPadrao</Form>
            <FormType>dfm</FormType>
        </DCCReference>
        <DCCReference Include="Cadastros\uCadastroUsuario.pas">
            <Form>frmCadUsuario</Form>
            <FormType>dfm</FormType>
        </DCCReference>
        <DCCReference Include="terceiros\Enter.pas"/>
        <DCCReference Include="Cadastros\uCadVeiculos.pas">
            <Form>frmCadVeiculo</Form>
            <FormType>dfm</FormType>
        </DCCReference>
        <DCCReference Include="Cadastros\uCadproduto.pas">
            <Form>frmCadProduto</Form>
            <FormType>dfm</FormType>
        </DCCReference>
        <DCCReference Include="Classes\uCadCliente.pas"/>
        <DCCReference Include="Operacoes\uOrcamento.pas">
            <Form>frmOrcamento</Form>
            <FormType>dfm</FormType>
        </DCCReference>
        <DCCReference Include="Classes\uCadProdutos.pas"/>
        <DCCReference Include="Classes\uSubGrupo.pas"/>
        <DCCReference Include="Classes\uGrupo.pas"/>
        <DCCReference Include="Cadastros\uCadGrupo.pas">
            <Form>frmGrupo</Form>
            <FormType>dfm</FormType>
        </DCCReference>
        <DCCReference Include="Cadastros\uCadSubGrupo.pas">
            <Form>frmCadSubGrupo</Form>
            <FormType>dfm</FormType>
        </DCCReference>
        <DCCReference Include="Cadastros\uCadUniMedida.pas">
            <Form>frmCadUnMedidas</Form>
            <FormType>dfm</FormType>
        </DCCReference>
        <DCCReference Include="Classes\uFuncoes.pas"/>
        <DCCReference Include="Classes\uUniMedida.pas"/>
        <DCCReference Include="DataModulo\uDtmOpercoesVenda.pas">
            <Form>DtmOperacaoVenda</Form>
            <FormType>dfm</FormType>
            <DesignClass>TDataModule</DesignClass>
        </DCCReference>
        <DCCReference Include="Classes\uProOrcamento.pas"/>
        <DCCReference Include="Classes\uControleEstoque.pas"/>
        <DCCReference Include="Relatórios\uRelProVendas.pas">
            <Form>frmRelProVendas</Form>
            <FormType>dfm</FormType>
        </DCCReference>
        <DCCReference Include="Classes\uCadVeiculo.pas"/>
        <DCCReference Include="Classes\uAtualizacaobancoDeDados.pas"/>
        <DCCReference Include="Classes\uAtualizacaoTablelaMSSQL.pas"/>
        <DCCReference Include="Classes\uAtualizacaoCampoMSSQL.pas"/>
        <DCCReference Include="AtualizaBD\uFrmAtualizaBD.pas">
            <Form>frmAtualizaBancoDados</Form>
            <FormType>dfm</FormType>
        </DCCReference>
        <DCCReference Include="Classes\uArquivoIni.pas"/>
        <DCCReference Include="Relatórios\uRelCadClientes.pas">
            <Form>frmRelCadClientes</Form>
            <FormType>dfm</FormType>
        </DCCReference>
        <DCCReference Include="Relatórios\uRelCadClientesFicha.pas">
            <Form>frmRelCadClientesFicha</Form>
            <FormType>dfm</FormType>
        </DCCReference>
        <DCCReference Include="Relatórios\uRelCadProdutos.pas">
            <Form>frmRelCadProdutos</Form>
            <FormType>dfm</FormType>
        </DCCReference>
        <DCCReference Include="Relatórios\uRelProOrcPorCliente.pas">
            <Form>frmRelOrcPorCliente</Form>
            <FormType>dfm</FormType>
        </DCCReference>
        <DCCReference Include="Relatórios\uRelProOrcPorData.pas">
            <Form>frmRelOrcPorData</Form>
            <FormType>dfm</FormType>
        </DCCReference>
        <DCCReference Include="Operacoes\uReceita.pas">
            <Form>frmReceita</Form>
            <FormType>dfm</FormType>
        </DCCReference>
        <DCCReference Include="Operacoes\uDespesas.pas">
            <Form>frmDespesas</Form>
            <FormType>dfm</FormType>
        </DCCReference>
        <DCCReference Include="Cadastros\Tipo_Desp_Rec.pas">
            <Form>frmTipoDespesaReceita</Form>
            <FormType>dfm</FormType>
        </DCCReference>
        <DCCReference Include="Classes\uDespesa.pas"/>
        <DCCReference Include="Classes\UTipoDesp_Rec.pas"/>
        <DCCReference Include="Classes\uReceitas.pas"/>
        <DCCReference Include="Cadastros\uCadEmpresa.pas">
            <Form>frmCadEmpresa</Form>
            <FormType>dfm</FormType>
        </DCCReference>
        <DCCReference Include="Classes\uCadastroEmpresa.pas"/>
        <DCCReference Include="Classes\uOpVendas.pas"/>
        <DCCReference Include="Operacoes\uVenda.pas">
            <Form>frmVendas</Form>
            <FormType>dfm</FormType>
        </DCCReference>
        <DCCReference Include="Heranca\uTelaHerancaConsulta.pas">
            <Form>frmTelaHerancaConsulta</Form>
            <FormType>dfm</FormType>
        </DCCReference>
        <DCCReference Include="Consulta\uConsultaOrcamento.pas">
            <Form>frmCunsultaOrcamento</Form>
            <FormType>dfm</FormType>
        </DCCReference>
        <DCCReference Include="Relatórios\uRelProOrcamento.pas">
            <Form>frmRelProOrcamento</Form>
            <FormType>dfm</FormType>
        </DCCReference>
        <DCCReference Include="DataModulo\uDtmOrcamento.pas">
            <Form>DtmOrcamentos</Form>
            <FormType>dfm</FormType>
            <DesignClass>TDataModule</DesignClass>
        </DCCReference>
        <DCCReference Include="Backup\uBackupRestore.pas">
            <Form>frmBackupRestore</Form>
            <FormType>dfm</FormType>
        </DCCReference>
        <DCCReference Include="Login\uUsuarioVsAcoes.pas">
            <Form>frmUsuarioVsAcoes</Form>
            <FormType>dfm</FormType>
        </DCCReference>
        <DCCReference Include="Classes\cAcaoAcesso.pas"/>
        <DCCReference Include="Login\uAcaoDeAcesso.pas">
            <Form>frmCadAcaoAcesso</Form>
            <FormType>dfm</FormType>
        </DCCReference>
        <DCCReference Include="Login\uAlterarSenha.pas">
            <Form>frmAlterarSenha</Form>
            <FormType>dfm</FormType>
        </DCCReference>
        <DCCReference Include="Consulta\uConsultaProduto.pas">
            <Form>frmTelaConsultaProduto</Form>
            <FormType>dfm</FormType>
        </DCCReference>
        <DCCReference Include="Consulta\uConsultaClliente.pas">
            <Form>frmConsultaCliente</Form>
            <FormType>dfm</FormType>
        </DCCReference>
        <DCCReference Include="Relatórios\uRelReceitaPorTipo.pas">
            <Form>frmRelReceitaPorTipo</Form>
            <FormType>dfm</FormType>
        </DCCReference>
        <DCCReference Include="Relatórios\uRelProVendaPorCliente.pas">
            <Form>frmRelVendaPorCliente</Form>
        </DCCReference>
        <DCCReference Include="TelaRelatórios\uVendaPorData.pas">
            <Form>frmVendaPorData</Form>
            <FormType>dfm</FormType>
        </DCCReference>
        <DCCReference Include="TelaRelatórios\uDespesaPorData.pas">
            <Form>frmDespesaPorData</Form>
            <FormType>dfm</FormType>
        </DCCReference>
        <DCCReference Include="TelaRelatórios\uDespesaPorTipo.pas">
            <Form>frmDespesaPorTipo</Form>
            <FormType>dfm</FormType>
        </DCCReference>
        <DCCReference Include="TelaRelatórios\uOrcamentoPorCliente.pas">
            <Form>frmOrcamentoCliente</Form>
            <FormType>dfm</FormType>
        </DCCReference>
        <DCCReference Include="TelaRelatórios\uOrcPorData.pas">
            <Form>frmOrcPorData</Form>
            <FormType>dfm</FormType>
        </DCCReference>
        <DCCReference Include="TelaRelatórios\uReceitaPorData.pas">
            <Form>frmReceitaPorData</Form>
            <FormType>dfm</FormType>
        </DCCReference>
        <DCCReference Include="TelaRelatórios\uReceitaPorTipo.pas">
            <Form>frmReceitaPorTipo</Form>
            <FormType>dfm</FormType>
        </DCCReference>
        <DCCReference Include="Relatórios\uRelDespesaPorTipo.pas">
            <Form>frmRelDespesaPorTipo</Form>
            <FormType>dfm</FormType>
        </DCCReference>
        <DCCReference Include="Relatórios\uRelReceitaPorData.pas">
            <Form>frmRelReceitaPorData</Form>
            <FormType>dfm</FormType>
        </DCCReference>
        <DCCReference Include="Relatórios\uRelDespesaPorData.pas">
            <Form>frmRelDespesaPorData</Form>
            <FormType>dfm</FormType>
        </DCCReference>
        <DCCReference Include="Relatórios\uRelProVendaPorData.pas">
            <Form>frmRelProVendPorData</Form>
            <FormType>dfm</FormType>
        </DCCReference>
        <DCCReference Include="Relatórios\uRelVendaPorCliente.pas">
            <Form>frmVendaCliente</Form>
            <FormType>dfm</FormType>
        </DCCReference>
        <DCCReference Include="TelaRelatórios\uVendaPorCliente.pas">
            <Form>frmVendCliente</Form>
            <FormType>dfm</FormType>
        </DCCReference>
        <DCCReference Include="Cadastros\uCadClientes.pas">
            <Form>frmCadCliente</Form>
            <FormType>dfm</FormType>
        </DCCReference>
        <DCCReference Include="Ini\uArquivosIni.pas"/>
        <DCCReference Include="Classes\cAcaoAcesso.pas">
            <ModuleName>uAcaoAcesso</ModuleName>
        </DCCReference>
        <DCCReference Include="BuscaCep\uBuscaCep.pas"/>
        <DCCReference Include="BuscaCep\Pkg.Json.DTO.pas"/>
        <DCCReference Include="Classes\uCadastroForncedor.pas"/>
        <BuildConfiguration Include="Release">
            <Key>Cfg_2</Key>
            <CfgParent>Base</CfgParent>
        </BuildConfiguration>
        <BuildConfiguration Include="Base">
            <Key>Base</Key>
        </BuildConfiguration>
        <BuildConfiguration Include="Debug">
            <Key>Cfg_1</Key>
            <CfgParent>Base</CfgParent>
        </BuildConfiguration>
    </ItemGroup>
    <ProjectExtensions>
        <Borland.Personality>Delphi.Personality.12</Borland.Personality>
        <Borland.ProjectType>Application</Borland.ProjectType>
        <BorlandProject>
            <Delphi.Personality>
                <Source>
                    <Source Name="MainSource">Sistema_Gerencial.dpr</Source>
                </Source>
                <Excluded_Packages>
                    <Excluded_Packages Name="C:\Users\Public\Documents\Embarcadero\Studio\17.0\Bpl\ZComponentDesign250.bpl">File C:\Users\Public\Documents\Embarcadero\Studio\17.0\Bpl\ZComponentDesign250.bpl not found</Excluded_Packages>
                    <Excluded_Packages Name="$(BDSBIN)\dclofficexp230.bpl">Microsoft Office XP Sample Automation Server Wrapper Components</Excluded_Packages>
                </Excluded_Packages>
            </Delphi.Personality>
            <Deployment Version="2">
                <DeployFile LocalName="Sistema_Gerencial.exe" Configuration="Debug" Class="ProjectOutput">
                    <Platform Name="Win32">
                        <RemoteName>Sistema_Gerencial.exe</RemoteName>
                        <Overwrite>true</Overwrite>
                    </Platform>
                </DeployFile>
                <DeployClass Name="ProjectiOSDeviceResourceRules">
                    <Platform Name="iOSDevice64">
                        <Operation>1</Operation>
                    </Platform>
                    <Platform Name="iOSDevice32">
                        <Operation>1</Operation>
                    </Platform>
                </DeployClass>
                <DeployClass Name="ProjectOSXResource">
                    <Platform Name="OSX32">
                        <RemoteDir>Contents\Resources</RemoteDir>
                        <Operation>1</Operation>
                    </Platform>
                </DeployClass>
                <DeployClass Name="AndroidClassesDexFile">
                    <Platform Name="Android">
                        <RemoteDir>classes</RemoteDir>
                        <Operation>1</Operation>
                    </Platform>
                </DeployClass>
                <DeployClass Name="AdditionalDebugSymbols">
                    <Platform Name="Win32">
                        <RemoteDir>Contents\MacOS</RemoteDir>
                        <Operation>0</Operation>
                    </Platform>
                    <Platform Name="iOSSimulator">
                        <Operation>1</Operation>
                    </Platform>
                    <Platform Name="OSX32">
                        <RemoteDir>Contents\MacOS</RemoteDir>
                        <Operation>1</Operation>
                    </Platform>
                </DeployClass>
                <DeployClass Name="iPad_Launch768">
                    <Platform Name="iOSSimulator">
                        <Operation>1</Operation>
                    </Platform>
                    <Platform Name="iOSDevice64">
                        <Operation>1</Operation>
                    </Platform>
                    <Platform Name="iOSDevice32">
                        <Operation>1</Operation>
                    </Platform>
                </DeployClass>
                <DeployClass Name="Android_LauncherIcon144">
                    <Platform Name="Android">
                        <RemoteDir>res\drawable-xxhdpi</RemoteDir>
                        <Operation>1</Operation>
                    </Platform>
                </DeployClass>
                <DeployClass Name="AndroidLibnativeMipsFile">
                    <Platform Name="Android">
                        <RemoteDir>library\lib\mips</RemoteDir>
                        <Operation>1</Operation>
                    </Platform>
                </DeployClass>
                <DeployClass Required="true" Name="ProjectOutput">
                    <Platform Name="Win32">
                        <Operation>0</Operation>
                    </Platform>
                    <Platform Name="iOSDevice64">
                        <Operation>1</Operation>
                    </Platform>
                    <Platform Name="OSX32">
                        <RemoteDir>Contents\MacOS</RemoteDir>
                        <Operation>1</Operation>
                    </Platform>
                    <Platform Name="iOSDevice32">
                        <Operation>1</Operation>
                    </Platform>
                    <Platform Name="Android">
                        <RemoteDir>library\lib\armeabi-v7a</RemoteDir>
                        <Operation>1</Operation>
                    </Platform>
                    <Platform Name="iOSSimulator">
                        <Operation>1</Operation>
                    </Platform>
                </DeployClass>
                <DeployClass Name="DependencyFramework">
                    <Platform Name="Win32">
                        <Operation>0</Operation>
                    </Platform>
                    <Platform Name="OSX32">
                        <RemoteDir>Contents\MacOS</RemoteDir>
                        <Operation>1</Operation>
                        <Extensions>.framework</Extensions>
                    </Platform>
                </DeployClass>
                <DeployClass Name="iPhone_Launch640">
                    <Platform Name="iOSSimulator">
                        <Operation>1</Operation>
                    </Platform>
                    <Platform Name="iOSDevice64">
                        <Operation>1</Operation>
                    </Platform>
                    <Platform Name="iOSDevice32">
                        <Operation>1</Operation>
                    </Platform>
                </DeployClass>
                <DeployClass Name="iPad_Launch1024">
                    <Platform Name="iOSSimulator">
                        <Operation>1</Operation>
                    </Platform>
                    <Platform Name="iOSDevice64">
                        <Operation>1</Operation>
                    </Platform>
                    <Platform Name="iOSDevice32">
                        <Operation>1</Operation>
                    </Platform>
                </DeployClass>
                <DeployClass Name="ProjectiOSDeviceDebug">
                    <Platform Name="iOSDevice64">
                        <RemoteDir>..\$(PROJECTNAME).app.dSYM\Contents\Resources\DWARF</RemoteDir>
                        <Operation>1</Operation>
                    </Platform>
                    <Platform Name="iOSDevice32">
                        <RemoteDir>..\$(PROJECTNAME).app.dSYM\Contents\Resources\DWARF</RemoteDir>
                        <Operation>1</Operation>
                    </Platform>
                </DeployClass>
                <DeployClass Name="AndroidLibnativeX86File">
                    <Platform Name="Android">
                        <RemoteDir>library\lib\x86</RemoteDir>
                        <Operation>1</Operation>
                    </Platform>
                </DeployClass>
                <DeployClass Name="iPhone_Launch320">
                    <Platform Name="iOSSimulator">
                        <Operation>1</Operation>
                    </Platform>
                    <Platform Name="iOSDevice64">
                        <Operation>1</Operation>
                    </Platform>
                    <Platform Name="iOSDevice32">
                        <Operation>1</Operation>
                    </Platform>
                </DeployClass>
                <DeployClass Name="ProjectiOSInfoPList">
                    <Platform Name="iOSSimulator">
                        <Operation>1</Operation>
                    </Platform>
                    <Platform Name="iOSDevice64">
                        <Operation>1</Operation>
                    </Platform>
                    <Platform Name="iOSDevice32">
                        <Operation>1</Operation>
                    </Platform>
                </DeployClass>
                <DeployClass Name="AndroidLibnativeArmeabiFile">
                    <Platform Name="Android">
                        <RemoteDir>library\lib\armeabi</RemoteDir>
                        <Operation>1</Operation>
                    </Platform>
                </DeployClass>
                <DeployClass Name="DebugSymbols">
                    <Platform Name="Win32">
                        <Operation>0</Operation>
                    </Platform>
                    <Platform Name="iOSSimulator">
                        <Operation>1</Operation>
                    </Platform>
                    <Platform Name="OSX32">
                        <RemoteDir>Contents\MacOS</RemoteDir>
                        <Operation>1</Operation>
                    </Platform>
                </DeployClass>
                <DeployClass Name="iPad_Launch1536">
                    <Platform Name="iOSSimulator">
                        <Operation>1</Operation>
                    </Platform>
                    <Platform Name="iOSDevice64">
                        <Operation>1</Operation>
                    </Platform>
                    <Platform Name="iOSDevice32">
                        <Operation>1</Operation>
                    </Platform>
                </DeployClass>
                <DeployClass Name="Android_SplashImage470">
                    <Platform Name="Android">
                        <RemoteDir>res\drawable-normal</RemoteDir>
                        <Operation>1</Operation>
                    </Platform>
                </DeployClass>
                <DeployClass Name="Android_LauncherIcon96">
                    <Platform Name="Android">
                        <RemoteDir>res\drawable-xhdpi</RemoteDir>
                        <Operation>1</Operation>
                    </Platform>
                </DeployClass>
                <DeployClass Name="Android_SplashImage640">
                    <Platform Name="Android">
                        <RemoteDir>res\drawable-large</RemoteDir>
                        <Operation>1</Operation>
                    </Platform>
                </DeployClass>
                <DeployClass Name="iPhone_Launch640x1136">
                    <Platform Name="iOSSimulator">
                        <Operation>1</Operation>
                    </Platform>
                    <Platform Name="iOSDevice64">
                        <Operation>1</Operation>
                    </Platform>
                    <Platform Name="iOSDevice32">
                        <Operation>1</Operation>
                    </Platform>
                </DeployClass>
                <DeployClass Name="ProjectiOSEntitlements">
                    <Platform Name="iOSDevice64">
                        <RemoteDir>../</RemoteDir>
                        <Operation>1</Operation>
                    </Platform>
                    <Platform Name="iOSDevice32">
                        <RemoteDir>../</RemoteDir>
                        <Operation>1</Operation>
                    </Platform>
                </DeployClass>
                <DeployClass Name="Android_LauncherIcon72">
                    <Platform Name="Android">
                        <RemoteDir>res\drawable-hdpi</RemoteDir>
                        <Operation>1</Operation>
                    </Platform>
                </DeployClass>
                <DeployClass Name="AndroidGDBServer">
                    <Platform Name="Android">
                        <RemoteDir>library\lib\armeabi-v7a</RemoteDir>
                        <Operation>1</Operation>
                    </Platform>
                </DeployClass>
                <DeployClass Name="ProjectOSXInfoPList">
                    <Platform Name="OSX32">
                        <RemoteDir>Contents</RemoteDir>
                        <Operation>1</Operation>
                    </Platform>
                </DeployClass>
                <DeployClass Name="ProjectOSXEntitlements">
                    <Platform Name="OSX32">
                        <RemoteDir>../</RemoteDir>
                        <Operation>1</Operation>
                    </Platform>
                </DeployClass>
                <DeployClass Name="iPad_Launch2048">
                    <Platform Name="iOSSimulator">
                        <Operation>1</Operation>
                    </Platform>
                    <Platform Name="iOSDevice64">
                        <Operation>1</Operation>
                    </Platform>
                    <Platform Name="iOSDevice32">
                        <Operation>1</Operation>
                    </Platform>
                </DeployClass>
                <DeployClass Name="AndroidSplashStyles">
                    <Platform Name="Android">
                        <RemoteDir>res\values</RemoteDir>
                        <Operation>1</Operation>
                    </Platform>
                </DeployClass>
                <DeployClass Name="Android_SplashImage426">
                    <Platform Name="Android">
                        <RemoteDir>res\drawable-small</RemoteDir>
                        <Operation>1</Operation>
                    </Platform>
                </DeployClass>
                <DeployClass Name="AndroidSplashImageDef">
                    <Platform Name="Android">
                        <RemoteDir>res\drawable</RemoteDir>
                        <Operation>1</Operation>
                    </Platform>
                </DeployClass>
                <DeployClass Name="ProjectiOSResource">
                    <Platform Name="iOSSimulator">
                        <Operation>1</Operation>
                    </Platform>
                    <Platform Name="iOSDevice64">
                        <Operation>1</Operation>
                    </Platform>
                    <Platform Name="iOSDevice32">
                        <Operation>1</Operation>
                    </Platform>
                </DeployClass>
                <DeployClass Name="ProjectAndroidManifest">
                    <Platform Name="Android">
                        <Operation>1</Operation>
                    </Platform>
                </DeployClass>
                <DeployClass Name="Android_DefaultAppIcon">
                    <Platform Name="Android">
                        <RemoteDir>res\drawable</RemoteDir>
                        <Operation>1</Operation>
                    </Platform>
                </DeployClass>
                <DeployClass Name="File">
                    <Platform Name="Win32">
                        <Operation>0</Operation>
                    </Platform>
                    <Platform Name="iOSDevice64">
                        <Operation>0</Operation>
                    </Platform>
                    <Platform Name="OSX32">
                        <RemoteDir>Contents\Resources\StartUp\</RemoteDir>
                        <Operation>0</Operation>
                    </Platform>
                    <Platform Name="iOSDevice32">
                        <Operation>0</Operation>
                    </Platform>
                    <Platform Name="Android">
                        <Operation>0</Operation>
                    </Platform>
                    <Platform Name="iOSSimulator">
                        <Operation>0</Operation>
                    </Platform>
                </DeployClass>
                <DeployClass Name="AndroidServiceOutput">
                    <Platform Name="Android">
                        <RemoteDir>library\lib\armeabi-v7a</RemoteDir>
                        <Operation>1</Operation>
                    </Platform>
                </DeployClass>
                <DeployClass Required="true" Name="DependencyPackage">
                    <Platform Name="Win32">
                        <Operation>0</Operation>
                        <Extensions>.bpl</Extensions>
                    </Platform>
                    <Platform Name="iOSDevice64">
                        <Operation>1</Operation>
                        <Extensions>.dylib</Extensions>
                    </Platform>
                    <Platform Name="OSX32">
                        <RemoteDir>Contents\MacOS</RemoteDir>
                        <Operation>1</Operation>
                        <Extensions>.dylib</Extensions>
                    </Platform>
                    <Platform Name="iOSDevice32">
                        <Operation>1</Operation>
                        <Extensions>.dylib</Extensions>
                    </Platform>
                    <Platform Name="iOSSimulator">
                        <Operation>1</Operation>
                        <Extensions>.dylib</Extensions>
                    </Platform>
                </DeployClass>
                <DeployClass Name="Android_LauncherIcon48">
                    <Platform Name="Android">
                        <RemoteDir>res\drawable-mdpi</RemoteDir>
                        <Operation>1</Operation>
                    </Platform>
                </DeployClass>
                <DeployClass Name="Android_SplashImage960">
                    <Platform Name="Android">
                        <RemoteDir>res\drawable-xlarge</RemoteDir>
                        <Operation>1</Operation>
                    </Platform>
                </DeployClass>
                <DeployClass Name="Android_LauncherIcon36">
                    <Platform Name="Android">
                        <RemoteDir>res\drawable-ldpi</RemoteDir>
                        <Operation>1</Operation>
                    </Platform>
                </DeployClass>
                <DeployClass Name="DependencyModule">
                    <Platform Name="Win32">
                        <Operation>0</Operation>
                        <Extensions>.dll;.bpl</Extensions>
                    </Platform>
                    <Platform Name="iOSDevice64">
                        <Operation>1</Operation>
                        <Extensions>.dylib</Extensions>
                    </Platform>
                    <Platform Name="OSX32">
                        <RemoteDir>Contents\MacOS</RemoteDir>
                        <Operation>1</Operation>
                        <Extensions>.dylib</Extensions>
                    </Platform>
                    <Platform Name="iOSDevice32">
                        <Operation>1</Operation>
                        <Extensions>.dylib</Extensions>
                    </Platform>
                    <Platform Name="iOSSimulator">
                        <Operation>1</Operation>
                        <Extensions>.dylib</Extensions>
                    </Platform>
                </DeployClass>
                <ProjectRoot Platform="iOSDevice64" Name="$(PROJECTNAME).app"/>
                <ProjectRoot Platform="Win64" Name="$(PROJECTNAME)"/>
                <ProjectRoot Platform="iOSDevice32" Name="$(PROJECTNAME).app"/>
                <ProjectRoot Platform="Win32" Name="$(PROJECTNAME)"/>
                <ProjectRoot Platform="OSX32" Name="$(PROJECTNAME).app"/>
                <ProjectRoot Platform="Android" Name="$(PROJECTNAME)"/>
                <ProjectRoot Platform="iOSSimulator" Name="$(PROJECTNAME).app"/>
            </Deployment>
            <Platforms>
                <Platform value="Win32">True</Platform>
                <Platform value="Win64">False</Platform>
            </Platforms>
        </BorlandProject>
        <ProjectFileVersion>12</ProjectFileVersion>
    </ProjectExtensions>
    <Import Project="$(BDS)\Bin\CodeGear.Delphi.Targets" Condition="Exists('$(BDS)\Bin\CodeGear.Delphi.Targets')"/>
    <Import Project="$(APPDATA)\Embarcadero\$(BDSAPPDATABASEDIR)\$(PRODUCTVERSION)\UserTools.proj" Condition="Exists('$(APPDATA)\Embarcadero\$(BDSAPPDATABASEDIR)\$(PRODUCTVERSION)\UserTools.proj')"/>
    <Import Project="$(MSBuildProjectName).deployproj" Condition="Exists('$(MSBuildProjectName).deployproj')"/>
</Project>
